%{
  "beam_notify": {:hex, :beam_notify, "1.1.1", "da7dd04f16120bcab71f01ff81607ea38ad78af859cd87fad2012eac8feab034", [:make, :mix], [{:elixir_make, "~> 0.6", [hex: :elixir_make, repo: "hexpm", optional: false]}], "hexpm", "5a09fc8449171da423f781de16b95cdec52763e60308345de6f15358c2382a42"},
  "castore": {:hex, :castore, "1.0.17", "4f9770d2d45fbd91dcf6bd404cf64e7e58fed04fadda0923dc32acca0badffa2", [:mix], [], "hexpm", "12d24b9d80b910dd3953e165636d68f147a31db945d2dcb9365e441f8b5351e5"},
  "elixir_make": {:hex, :elixir_make, "0.9.0", "6484b3cd8c0cee58f09f05ecaf1a140a8c97670671a6a0e7ab4dc326c3109726", [:mix], [], "hexpm", "db23d4fd8b757462ad02f8aa73431a426fe6671c80b200d9710caf3d1dd0ffdb"},
  "jason": {:hex, :jason, "1.4.4", "b9226785a9aa77b6857ca22832cffa5d5011a667207eb2a0ad56adb5db443b8a", [:mix], [{:decimal, "~> 1.0 or ~> 2.0", [hex: :decimal, repo: "hexpm", optional: true]}], "hexpm", "c5eb0cab91f094599f94d55bc63409236a8ec69a21a67814529e8d5f6cc90b3b"},
  "muontrap": {:hex, :muontrap, "1.7.0", "ff6eda43839194dc342b81e02e764fd75389a8ab166318548f3aaec374846600", [:make, :mix], [{:elixir_make, "~> 0.6", [hex: :elixir_make, repo: "hexpm", optional: false]}], "hexpm", "7bd4a90ae008bf6a25554aa13497b2c05dfa1fcc34be5bdcb8fb4dec9b3422e3"},
  "nerves": {:hex, :nerves, "1.11.3", "437aa0a961ff8583e7f377342662495cdb90af42a473ae4d76449917bd12c386", [:make, :mix], [{:castore, "~> 0.1 or ~> 1.0", [hex: :castore, repo: "hexpm", optional: false]}, {:elixir_make, "~> 0.6", [hex: :elixir_make, repo: "hexpm", optional: false]}, {:jason, "~> 1.2", [hex: :jason, repo: "hexpm", optional: false]}], "hexpm", "ef2076e0c0cb2c95421d12fd9069942c0ad73f3c77c0d6bb2cfb18972dacf675"},
  "nerves_bootstrap": {:hex, :nerves_bootstrap, "1.14.4", "d304b8a3ad2ee153fa410a1e3698d43d5db9a7adbfcd33f61182030b2b53249f", [:mix], [], "hexpm", "f72343fbd9a0ca34a10d43dbdfcf84d0d4f0017cfd1522bc7b853a69fcd99264"},
  "nerves_logging": {:hex, :nerves_logging, "0.2.4", "7d60c345325c7165a1473be30a399847eaba425dce3258ef97a8aefd6d913160", [:make, :mix], [{:elixir_make, "~> 0.6", [hex: :elixir_make, repo: "hexpm", optional: false]}], "hexpm", "942f9757adea17d56f4f64fbf4e1aaffd4b2471dd2f1bc020ba80ba2ef5238bc"},
  "nerves_runtime": {:hex, :nerves_runtime, "0.13.12", "65f12109d1ad0fee29737b7a7ed52c5ab10d6a69470472250266940baca5859e", [:mix], [{:nerves_logging, "~> 0.2.0", [hex: :nerves_logging, repo: "hexpm", optional: false]}, {:nerves_uevent, "~> 0.1.0", [hex: :nerves_uevent, repo: "hexpm", optional: false]}, {:uboot_env, "~> 0.3.0 or ~> 1.0", [hex: :uboot_env, repo: "hexpm", optional: false]}], "hexpm", "b439f2181286967067ffe1ba03cf16a388f16f4e9e931d8f91f304e0b9472499"},
  "nerves_system_br": {:hex, :nerves_system_br, "1.33.1", "f85f7b75d6ccef4ac91629475945cef4439e01ad838c72df4990da036717e5d9", [:mix], [], "hexpm", "188fd71ea90c6cb543ecc11c0f59940348a19c5fa7c7d1c569040aa398d876bf"},
  "nerves_system_sg2002": {:git, "https://github.com/fermuch/nerves_system_sg2002.git", "36a7798f3d94a1ce532c91f373b65f155e97fbb5", []},
  "nerves_toolchain_ctng": {:hex, :nerves_toolchain_ctng, "1.11.0", "829b312eb94ea2bc4733299aeccbe1bbe67430cebf2d23cc28df7cc2ea7dc572", [:mix], [{:nerves, "~> 1.0", [hex: :nerves, repo: "hexpm", optional: false]}], "hexpm", "c98ab17dd2210a50e948fb5ae4ef418e651e10cbb868f00c39a1f3541cec5467"},
  "nerves_toolchain_riscv64_nerves_linux_musl": {:hex, :nerves_toolchain_riscv64_nerves_linux_musl, "14.2.0", "7894f2fb3a903a7ab3645e99b1a7586a36b895b7a5c164a194c28a20be1a11f0", [:mix], [{:nerves, "~> 1.4", [hex: :nerves, repo: "hexpm", optional: false]}, {:nerves_toolchain_ctng, "~> 1.11.0", [hex: :nerves_toolchain_ctng, repo: "hexpm", optional: false]}], "hexpm", "592da27857afa29932ad72e8a461c6c1fe1745ddbf6d7561e25885c4a5a3af61"},
  "nerves_uevent": {:hex, :nerves_uevent, "0.1.2", "0da22ed32d5203162e9d175a83a43d541406177384a810388508c2002285bfce", [:make, :mix], [{:elixir_make, "~> 0.6", [hex: :elixir_make, repo: "hexpm", optional: false]}, {:property_table, "~> 0.2.0 or ~> 0.3.0", [hex: :property_table, repo: "hexpm", optional: false]}], "hexpm", "1603eada674d77f9e4e7d517899a589316d7537dd6feee7f319b2b0dd7d350a7"},
  "property_table": {:hex, :property_table, "0.3.2", "364dd1b20ab1103fccc19253441e1c99152f653c012165dc1daac24951c42bee", [:mix], [], "hexpm", "24d9e0b40bc5ec89789e85bfaa3a564a821808b7472faae2ee4b0d46cdbe159e"},
  "uboot_env": {:hex, :uboot_env, "1.0.2", "239809ab786a57f0f3d4eb318e0af30b7847c288cff96fc9306cd5283f967355", [:mix], [], "hexpm", "89c6419b3af35f90f7f027858e977c719c1a8b68e57be73757bc21a2ed0cc03d"},
  "vintage_net": {:hex, :vintage_net, "0.13.9", "23d4402bb97d8ac415237898b39e94275618749c34b848e730ef9ead152cc637", [:make, :mix], [{:beam_notify, "~> 0.2.0 or ~> 1.0", [hex: :beam_notify, repo: "hexpm", optional: false]}, {:elixir_make, "~> 0.6", [hex: :elixir_make, repo: "hexpm", optional: false]}, {:muontrap, "~> 0.5.1 or ~> 0.6.0 or ~> 1.0", [hex: :muontrap, repo: "hexpm", optional: false]}, {:property_table, "~> 0.2.0 or ~> 0.3.0", [hex: :property_table, repo: "hexpm", optional: false]}], "hexpm", "4b432b42762585b9c7aaeed055dfa59227f88759d86111d6e9830ffe1d09981d"},
}
